
Microsoft Visual Studio Solution File, Format Version 12.00
# Visual Studio Version 17
VisualStudioVersion = 17.0.31903.59
MinimumVisualStudioVersion = 10.0.40219.1
Project("{2150E333-8FDC-42A3-9474-1A3956D46DE8}") = "backend", "backend", "{5BFF7378-1993-417C-860E-169083218DCF}"
EndProject
Project("{2150E333-8FDC-42A3-9474-1A3956D46DE8}") = "Infrastructure", "Infrastructure", "{5C2621C1-FB29-4BFE-A084-AE0F07C7D065}"
EndProject
Project("{FAE04EC0-301F-11D3-BF4B-00C04F79EFBC}") = "Infrastructure.Data", "backend\Infrastructure\Infrastructure.Data\Infrastructure.Data.csproj", "{A9BDE128-398A-481D-9A10-9E449E28A1E6}"
EndProject
Project("{2150E333-8FDC-42A3-9474-1A3956D46DE8}") = "Domain", "Domain", "{1E2A6A3F-080D-4FB8-BF67-5F7FAAF7A276}"
EndProject
Project("{FAE04EC0-301F-11D3-BF4B-00C04F79EFBC}") = "Domain", "backend\Domain\Domain.csproj", "{C21D3CBD-7F48-4F64-B48B-DE4B8F3823FB}"
EndProject
Project("{2150E333-8FDC-42A3-9474-1A3956D46DE8}") = "Presentation", "Presentation", "{734F992F-5318-4447-8742-9132778483F1}"
EndProject
Project("{FAE04EC0-301F-11D3-BF4B-00C04F79EFBC}") = "Api", "backend\Api\Api.csproj", "{7FF02FD3-1E34-4B4D-8934-F881AD199095}"
EndProject
Global
	GlobalSection(SolutionConfigurationPlatforms) = preSolution
		Debug|Any CPU = Debug|Any CPU
		Release|Any CPU = Release|Any CPU
	EndGlobalSection
	GlobalSection(ProjectConfigurationPlatforms) = postSolution
		{A9BDE128-398A-481D-9A10-9E449E28A1E6}.Debug|Any CPU.ActiveCfg = Debug|Any CPU
		{A9BDE128-398A-481D-9A10-9E449E28A1E6}.Debug|Any CPU.Build.0 = Debug|Any CPU
		{A9BDE128-398A-481D-9A10-9E449E28A1E6}.Release|Any CPU.ActiveCfg = Release|Any CPU
		{A9BDE128-398A-481D-9A10-9E449E28A1E6}.Release|Any CPU.Build.0 = Release|Any CPU
		{C21D3CBD-7F48-4F64-B48B-DE4B8F3823FB}.Debug|Any CPU.ActiveCfg = Debug|Any CPU
		{C21D3CBD-7F48-4F64-B48B-DE4B8F3823FB}.Debug|Any CPU.Build.0 = Debug|Any CPU
		{C21D3CBD-7F48-4F64-B48B-DE4B8F3823FB}.Release|Any CPU.ActiveCfg = Release|Any CPU
		{C21D3CBD-7F48-4F64-B48B-DE4B8F3823FB}.Release|Any CPU.Build.0 = Release|Any CPU
		{7FF02FD3-1E34-4B4D-8934-F881AD199095}.Debug|Any CPU.ActiveCfg = Debug|Any CPU
		{7FF02FD3-1E34-4B4D-8934-F881AD199095}.Debug|Any CPU.Build.0 = Debug|Any CPU
		{7FF02FD3-1E34-4B4D-8934-F881AD199095}.Release|Any CPU.ActiveCfg = Release|Any CPU
		{7FF02FD3-1E34-4B4D-8934-F881AD199095}.Release|Any CPU.Build.0 = Release|Any CPU
	EndGlobalSection
	GlobalSection(SolutionProperties) = preSolution
		HideSolutionNode = FALSE
	EndGlobalSection
	GlobalSection(NestedProjects) = preSolution
		{5C2621C1-FB29-4BFE-A084-AE0F07C7D065} = {5BFF7378-1993-417C-860E-169083218DCF}
		{A9BDE128-398A-481D-9A10-9E449E28A1E6} = {5C2621C1-FB29-4BFE-A084-AE0F07C7D065}
		{1E2A6A3F-080D-4FB8-BF67-5F7FAAF7A276} = {5BFF7378-1993-417C-860E-169083218DCF}
		{C21D3CBD-7F48-4F64-B48B-DE4B8F3823FB} = {1E2A6A3F-080D-4FB8-BF67-5F7FAAF7A276}
		{734F992F-5318-4447-8742-9132778483F1} = {5BFF7378-1993-417C-860E-169083218DCF}
		{7FF02FD3-1E34-4B4D-8934-F881AD199095} = {734F992F-5318-4447-8742-9132778483F1}
	EndGlobalSection
EndGlobal
