
Microsoft Visual Studio Solution File, Format Version 12.00
# Visual Studio Version 17
VisualStudioVersion = 17.0.31903.59
MinimumVisualStudioVersion = 10.0.40219.1
Project("{2150E333-8FDC-42A3-9474-1A3956D46DE8}") = "Infrastructure", "Infrastructure", "{5C2621C1-FB29-4BFE-A084-AE0F07C7D065}"
EndProject
Project("{FAE04EC0-301F-11D3-BF4B-00C04F79EFBC}") = "Infrastructure.Data", "Infrastructure\Infrastructure.Data\Infrastructure.Data.csproj", "{A9BDE128-398A-481D-9A10-9E449E28A1E6}"
EndProject
Project("{2150E333-8FDC-42A3-9474-1A3956D46DE8}") = "Domain", "Domain", "{1E2A6A3F-080D-4FB8-BF67-5F7FAAF7A276}"
EndProject
Project("{FAE04EC0-301F-11D3-BF4B-00C04F79EFBC}") = "Domain", "Domain\Domain.csproj", "{C21D3CBD-7F48-4F64-B48B-DE4B8F3823FB}"
EndProject
Project("{2150E333-8FDC-42A3-9474-1A3956D46DE8}") = "Presentation", "Presentation", "{734F992F-5318-4447-8742-9132778483F1}"
EndProject
Project("{FAE04EC0-301F-11D3-BF4B-00C04F79EFBC}") = "Api", "Api\Api.csproj", "{7FF02FD3-1E34-4B4D-8934-F881AD199095}"
EndProject
Project("{2150E333-8FDC-42A3-9474-1A3956D46DE8}") = "Tests", "Tests", "{52A27C96-3379-4ADB-86A1-9DCBE6515CE4}"
EndProject
Project("{FAE04EC0-301F-11D3-BF4B-00C04F79EFBC}") = "Tests", "Tests\Tests.csproj", "{19A755AC-9408-4D80-BCE1-19E5B09B1231}"
EndProject
Project("{FAE04EC0-301F-11D3-BF4B-00C04F79EFBC}") = "Infrastructure.Services", "Infrastructure\Infrastructure.Services\Infrastructure.Services.csproj", "{83B6D4F1-3104-43E6-8E96-6CC8E4199E0A}"
EndProject
Project("{2150E333-8FDC-42A3-9474-1A3956D46DE8}") = "CrossCutting", "CrossCutting", "{0B3FBCD3-AA12-43FA-98A4-19D81496DBC4}"
EndProject
Project("{FAE04EC0-301F-11D3-BF4B-00C04F79EFBC}") = "CrossCutting.Configuration", "CrossCutting\CrossCutting.Configuration\CrossCutting.Configuration.csproj", "{67870361-D0D8-4AAB-A449-D5358FF2F70A}"
EndProject
Project("{FAE04EC0-301F-11D3-BF4B-00C04F79EFBC}") = "CrossCutting.Exceptions", "CrossCutting\CrossCutting.Exceptions\CrossCutting.Exceptions.csproj", "{48715C56-68B3-424F-980A-56E4656A9855}"
EndProject
Global
	GlobalSection(SolutionConfigurationPlatforms) = preSolution
		Debug|Any CPU = Debug|Any CPU
		Release|Any CPU = Release|Any CPU
	EndGlobalSection
	GlobalSection(ProjectConfigurationPlatforms) = postSolution
		{A9BDE128-398A-481D-9A10-9E449E28A1E6}.Debug|Any CPU.ActiveCfg = Debug|Any CPU
		{A9BDE128-398A-481D-9A10-9E449E28A1E6}.Debug|Any CPU.Build.0 = Debug|Any CPU
		{A9BDE128-398A-481D-9A10-9E449E28A1E6}.Release|Any CPU.ActiveCfg = Release|Any CPU
		{A9BDE128-398A-481D-9A10-9E449E28A1E6}.Release|Any CPU.Build.0 = Release|Any CPU
		{C21D3CBD-7F48-4F64-B48B-DE4B8F3823FB}.Debug|Any CPU.ActiveCfg = Debug|Any CPU
		{C21D3CBD-7F48-4F64-B48B-DE4B8F3823FB}.Debug|Any CPU.Build.0 = Debug|Any CPU
		{C21D3CBD-7F48-4F64-B48B-DE4B8F3823FB}.Release|Any CPU.ActiveCfg = Release|Any CPU
		{C21D3CBD-7F48-4F64-B48B-DE4B8F3823FB}.Release|Any CPU.Build.0 = Release|Any CPU
		{7FF02FD3-1E34-4B4D-8934-F881AD199095}.Debug|Any CPU.ActiveCfg = Debug|Any CPU
		{7FF02FD3-1E34-4B4D-8934-F881AD199095}.Debug|Any CPU.Build.0 = Debug|Any CPU
		{7FF02FD3-1E34-4B4D-8934-F881AD199095}.Release|Any CPU.ActiveCfg = Release|Any CPU
		{7FF02FD3-1E34-4B4D-8934-F881AD199095}.Release|Any CPU.Build.0 = Release|Any CPU
		{19A755AC-9408-4D80-BCE1-19E5B09B1231}.Debug|Any CPU.ActiveCfg = Debug|Any CPU
		{19A755AC-9408-4D80-BCE1-19E5B09B1231}.Debug|Any CPU.Build.0 = Debug|Any CPU
		{19A755AC-9408-4D80-BCE1-19E5B09B1231}.Release|Any CPU.ActiveCfg = Release|Any CPU
		{19A755AC-9408-4D80-BCE1-19E5B09B1231}.Release|Any CPU.Build.0 = Release|Any CPU
		{83B6D4F1-3104-43E6-8E96-6CC8E4199E0A}.Debug|Any CPU.ActiveCfg = Debug|Any CPU
		{83B6D4F1-3104-43E6-8E96-6CC8E4199E0A}.Debug|Any CPU.Build.0 = Debug|Any CPU
		{83B6D4F1-3104-43E6-8E96-6CC8E4199E0A}.Release|Any CPU.ActiveCfg = Release|Any CPU
		{83B6D4F1-3104-43E6-8E96-6CC8E4199E0A}.Release|Any CPU.Build.0 = Release|Any CPU
		{67870361-D0D8-4AAB-A449-D5358FF2F70A}.Debug|Any CPU.ActiveCfg = Debug|Any CPU
		{67870361-D0D8-4AAB-A449-D5358FF2F70A}.Debug|Any CPU.Build.0 = Debug|Any CPU
		{67870361-D0D8-4AAB-A449-D5358FF2F70A}.Release|Any CPU.ActiveCfg = Release|Any CPU
		{67870361-D0D8-4AAB-A449-D5358FF2F70A}.Release|Any CPU.Build.0 = Release|Any CPU
		{48715C56-68B3-424F-980A-56E4656A9855}.Debug|Any CPU.ActiveCfg = Debug|Any CPU
		{48715C56-68B3-424F-980A-56E4656A9855}.Debug|Any CPU.Build.0 = Debug|Any CPU
		{48715C56-68B3-424F-980A-56E4656A9855}.Release|Any CPU.ActiveCfg = Release|Any CPU
		{48715C56-68B3-424F-980A-56E4656A9855}.Release|Any CPU.Build.0 = Release|Any CPU
	EndGlobalSection
	GlobalSection(SolutionProperties) = preSolution
		HideSolutionNode = FALSE
	EndGlobalSection
	GlobalSection(NestedProjects) = preSolution
		{A9BDE128-398A-481D-9A10-9E449E28A1E6} = {5C2621C1-FB29-4BFE-A084-AE0F07C7D065}
		{C21D3CBD-7F48-4F64-B48B-DE4B8F3823FB} = {1E2A6A3F-080D-4FB8-BF67-5F7FAAF7A276}
		{7FF02FD3-1E34-4B4D-8934-F881AD199095} = {734F992F-5318-4447-8742-9132778483F1}
		{19A755AC-9408-4D80-BCE1-19E5B09B1231} = {52A27C96-3379-4ADB-86A1-9DCBE6515CE4}
		{83B6D4F1-3104-43E6-8E96-6CC8E4199E0A} = {5C2621C1-FB29-4BFE-A084-AE0F07C7D065}
		{67870361-D0D8-4AAB-A449-D5358FF2F70A} = {0B3FBCD3-AA12-43FA-98A4-19D81496DBC4}
		{48715C56-68B3-424F-980A-56E4656A9855} = {0B3FBCD3-AA12-43FA-98A4-19D81496DBC4}
	EndGlobalSection
EndGlobal
